
Microsoft Visual Studio Solution File, Format Version 12.00
# Visual Studio Version 16
VisualStudioVersion = 16.0.31129.286
MinimumVisualStudioVersion = 10.0.40219.1
Project("{FAE04EC0-301F-11D3-BF4B-00C04F79EFBC}") = "Polizia_Graziella", "Polizia_Graziella\Polizia_Graziella.csproj", "{68446788-ED45-4C9E-8369-D854E3F0D7D0}"
EndProject
Global
	GlobalSection(SolutionConfigurationPlatforms) = preSolution
		Debug|Any CPU = Debug|Any CPU
		Release|Any CPU = Release|Any CPU
	EndGlobalSection
	GlobalSection(ProjectConfigurationPlatforms) = postSolution
		{68446788-ED45-4C9E-8369-D854E3F0D7D0}.Debug|Any CPU.ActiveCfg = Debug|Any CPU
		{68446788-ED45-4C9E-8369-D854E3F0D7D0}.Debug|Any CPU.Build.0 = Debug|Any CPU
		{68446788-ED45-4C9E-8369-D854E3F0D7D0}.Release|Any CPU.ActiveCfg = Release|Any CPU
		{68446788-ED45-4C9E-8369-D854E3F0D7D0}.Release|Any CPU.Build.0 = Release|Any CPU
	EndGlobalSection
	GlobalSection(SolutionProperties) = preSolution
		HideSolutionNode = FALSE
	EndGlobalSection
	GlobalSection(ExtensibilityGlobals) = postSolution
		SolutionGuid = {67294A24-E6C7-4144-8C2F-6378C4060C96}
	EndGlobalSection
EndGlobal
