
Microsoft Visual Studio Solution File, Format Version 12.00
# Visual Studio Version 16
VisualStudioVersion = 16.0.31205.134
MinimumVisualStudioVersion = 10.0.40219.1
Project("{9A19103F-16F7-4668-BE54-9A1E7A4F7556}") = "Week1.Demo", "Week1.Demo\Week1.Demo.csproj", "{1C7C5735-C353-4DC4-891F-0CAD2A1864C1}"
EndProject
Project("{FAE04EC0-301F-11D3-BF4B-00C04F79EFBC}") = "Week1.Demo_PubSub", "Notification\Week1.Demo_PubSub.csproj", "{CDC7A2E9-1087-4FC6-A4DF-BF8D99DB7285}"
EndProject
Project("{FAE04EC0-301F-11D3-BF4B-00C04F79EFBC}") = "Week1.Demo_AccessFile", "AccessFile\Week1.Demo_AccessFile.csproj", "{992CAE64-C352-4A4B-9303-967AE3157BC6}"
EndProject
Global
	GlobalSection(SolutionConfigurationPlatforms) = preSolution
		Debug|Any CPU = Debug|Any CPU
		Release|Any CPU = Release|Any CPU
	EndGlobalSection
	GlobalSection(ProjectConfigurationPlatforms) = postSolution
		{1C7C5735-C353-4DC4-891F-0CAD2A1864C1}.Debug|Any CPU.ActiveCfg = Debug|Any CPU
		{1C7C5735-C353-4DC4-891F-0CAD2A1864C1}.Debug|Any CPU.Build.0 = Debug|Any CPU
		{1C7C5735-C353-4DC4-891F-0CAD2A1864C1}.Release|Any CPU.ActiveCfg = Release|Any CPU
		{1C7C5735-C353-4DC4-891F-0CAD2A1864C1}.Release|Any CPU.Build.0 = Release|Any CPU
		{CDC7A2E9-1087-4FC6-A4DF-BF8D99DB7285}.Debug|Any CPU.ActiveCfg = Debug|Any CPU
		{CDC7A2E9-1087-4FC6-A4DF-BF8D99DB7285}.Debug|Any CPU.Build.0 = Debug|Any CPU
		{CDC7A2E9-1087-4FC6-A4DF-BF8D99DB7285}.Release|Any CPU.ActiveCfg = Release|Any CPU
		{CDC7A2E9-1087-4FC6-A4DF-BF8D99DB7285}.Release|Any CPU.Build.0 = Release|Any CPU
		{992CAE64-C352-4A4B-9303-967AE3157BC6}.Debug|Any CPU.ActiveCfg = Debug|Any CPU
		{992CAE64-C352-4A4B-9303-967AE3157BC6}.Debug|Any CPU.Build.0 = Debug|Any CPU
		{992CAE64-C352-4A4B-9303-967AE3157BC6}.Release|Any CPU.ActiveCfg = Release|Any CPU
		{992CAE64-C352-4A4B-9303-967AE3157BC6}.Release|Any CPU.Build.0 = Release|Any CPU
	EndGlobalSection
	GlobalSection(SolutionProperties) = preSolution
		HideSolutionNode = FALSE
	EndGlobalSection
	GlobalSection(ExtensibilityGlobals) = postSolution
		SolutionGuid = {C3ADE788-5A41-46CA-AF98-80D56170058D}
	EndGlobalSection
EndGlobal
